
Microsoft Visual Studio Solution File, Format Version 12.00
# Visual Studio Version 16
VisualStudioVersion = 16.0.32228.343
MinimumVisualStudioVersion = 10.0.40219.1
Project("{FAE04EC0-301F-11D3-BF4B-00C04F79EFBC}") = "ExemploMongoDb", "ExemploMongoDb\ExemploMongoDb.csproj", "{2A299066-9E6E-47E2-A805-F08BE1AFBD3B}"
EndProject
Global
	GlobalSection(SolutionConfigurationPlatforms) = preSolution
		Debug|Any CPU = Debug|Any CPU
		Release|Any CPU = Release|Any CPU
	EndGlobalSection
	GlobalSection(ProjectConfigurationPlatforms) = postSolution
		{2A299066-9E6E-47E2-A805-F08BE1AFBD3B}.Debug|Any CPU.ActiveCfg = Debug|Any CPU
		{2A299066-9E6E-47E2-A805-F08BE1AFBD3B}.Debug|Any CPU.Build.0 = Debug|Any CPU
		{2A299066-9E6E-47E2-A805-F08BE1AFBD3B}.Release|Any CPU.ActiveCfg = Release|Any CPU
		{2A299066-9E6E-47E2-A805-F08BE1AFBD3B}.Release|Any CPU.Build.0 = Release|Any CPU
	EndGlobalSection
	GlobalSection(SolutionProperties) = preSolution
		HideSolutionNode = FALSE
	EndGlobalSection
	GlobalSection(ExtensibilityGlobals) = postSolution
		SolutionGuid = {06B810F0-60E6-4DDC-90B8-6F315BE64370}
	EndGlobalSection
EndGlobal
